<?xml version="1.0" encoding="utf-8"?>
<Project ToolsVersion="4.0" xmlns="http://schemas.microsoft.com/developer/msbuild/2003">
  <ItemGroup>
    <Filter Include="ソース ファイル">
      <UniqueIdentifier>{4FC737F1-C7A5-4376-A066-2A32D752A2FF}</UniqueIdentifier>
      <Extensions>cpp;c;cc;cxx;c++;cppm;ixx;def;odl;idl;hpj;bat;asm;asmx</Extensions>
    </Filter>
    <Filter Include="ヘッダー ファイル">
      <UniqueIdentifier>{93995380-89BD-4b04-88EB-625FBE52EBFB}</UniqueIdentifier>
      <Extensions>h;hh;hpp;hxx;h++;hm;inl;inc;ipp;xsd</Extensions>
    </Filter>
    <Filter Include="リソース ファイル">
      <UniqueIdentifier>{67DA6AB6-F800-4c08-8B7A-83BB121AAD01}</UniqueIdentifier>
      <Extensions>rc;ico;cur;bmp;dlg;rc2;rct;bin;rgs;gif;jpg;jpeg;jpe;resx;tiff;tif;png;wav;mfcribbon-ms</Extensions>
    </Filter>
    <Filter Include="リソース ファイル\obj">
      <UniqueIdentifier>{0736bded-8cd1-46c0-a802-13cf7a6d0ee9}</UniqueIdentifier>
    </Filter>
    <Filter Include="リソース ファイル\mtl">
      <UniqueIdentifier>{07aa6d8d-8103-4ceb-94ba-6aed27fbdb09}</UniqueIdentifier>
    </Filter>
    <Filter Include="リソース ファイル\bmp">
      <UniqueIdentifier>{64759888-1138-4685-bbdc-a6c15f568ca5}</UniqueIdentifier>
    </Filter>
    <Filter Include="ソース ファイル\glpa">
      <UniqueIdentifier>{ecad95fc-7cf9-4668-8758-5a32206b4ac1}</UniqueIdentifier>
    </Filter>
    <Filter Include="ヘッダー ファイル\glpa">
      <UniqueIdentifier>{cf1c65ed-3998-4766-95eb-d86618658b65}</UniqueIdentifier>
    </Filter>
    <Filter Include="リソース ファイル\scene">
      <UniqueIdentifier>{0b01cc7d-f482-44d1-8cb6-fbad2b2d3a54}</UniqueIdentifier>
    </Filter>
  </ItemGroup>
  <ItemGroup>
    <ClCompile Include="ambient_occlusion.cpp">
      <Filter>ソース ファイル\glpa</Filter>
    </ClCompile>
    <ClCompile Include="animation.cpp">
      <Filter>ソース ファイル\glpa</Filter>
    </ClCompile>
    <ClCompile Include="base_color.cpp">
      <Filter>ソース ファイル\glpa</Filter>
    </ClCompile>
    <ClCompile Include="buffer_3d.cpp">
      <Filter>ソース ファイル\glpa</Filter>
    </ClCompile>
    <ClCompile Include="equation.cu">
      <Filter>ソース ファイル\glpa</Filter>
    </ClCompile>
    <ClCompile Include="fbx.cpp">
      <Filter>ソース ファイル\glpa</Filter>
    </ClCompile>
    <ClCompile Include="field.cpp">
      <Filter>ソース ファイル\glpa</Filter>
    </ClCompile>
    <ClCompile Include="hitbox.cpp">
      <Filter>ソース ファイル\glpa</Filter>
    </ClCompile>
    <ClCompile Include="light.cpp">
      <Filter>ソース ファイル\glpa</Filter>
    </ClCompile>
    <ClCompile Include="main.cpp">
      <Filter>ソース ファイル\glpa</Filter>
    </ClCompile>
    <ClCompile Include="material.cpp">
      <Filter>ソース ファイル\glpa</Filter>
    </ClCompile>
    <ClCompile Include="matrix.cu">
      <Filter>ソース ファイル\glpa</Filter>
    </ClCompile>
    <ClCompile Include="mesh.cpp">
      <Filter>ソース ファイル\glpa</Filter>
    </ClCompile>
    <ClCompile Include="normal.cpp">
      <Filter>ソース ファイル\glpa</Filter>
    </ClCompile>
    <ClCompile Include="object.cpp">
      <Filter>ソース ファイル\glpa</Filter>
    </ClCompile>
    <ClCompile Include="png.cpp">
      <Filter>ソース ファイル\glpa</Filter>
    </ClCompile>
    <ClCompile Include="roughness.cpp">
      <Filter>ソース ファイル\glpa</Filter>
    </ClCompile>
    <ClCompile Include="scene.cpp">
      <Filter>ソース ファイル\glpa</Filter>
    </ClCompile>
    <ClCompile Include="screen.cpp">
      <Filter>ソース ファイル\glpa</Filter>
    </ClCompile>
    <ClCompile Include="shader.cpp">
      <Filter>ソース ファイル\glpa</Filter>
    </ClCompile>
    <ClCompile Include="shadow.cpp">
      <Filter>ソース ファイル\glpa</Filter>
    </ClCompile>
    <ClCompile Include="sky.cpp">
      <Filter>ソース ファイル\glpa</Filter>
    </ClCompile>
    <ClCompile Include="transformation.cpp">
      <Filter>ソース ファイル\glpa</Filter>
    </ClCompile>
    <ClCompile Include="triangle_ratio.cu">
      <Filter>ソース ファイル\glpa</Filter>
    </ClCompile>
    <ClCompile Include="user_input.cpp">
      <Filter>ソース ファイル\glpa</Filter>
    </ClCompile>
    <ClCompile Include="vector.cu">
      <Filter>ソース ファイル\glpa</Filter>
    </ClCompile>
    <ClCompile Include="window.cpp">
      <Filter>ソース ファイル\glpa</Filter>
    </ClCompile>
    <ClCompile Include="z_buffer.cpp">
      <Filter>ソース ファイル\glpa</Filter>
    </ClCompile>
    <ClCompile Include="fps.cpp">
      <Filter>ソース ファイル\glpa</Filter>
    </ClCompile>
    <ClCompile Include="glpa.cpp">
      <Filter>ソース ファイル\glpa</Filter>
    </ClCompile>
    <ClCompile Include="movie.cpp">
      <Filter>ソース ファイル\glpa</Filter>
    </ClCompile>
    <ClCompile Include="mp4.cpp">
      <Filter>ソース ファイル\glpa</Filter>
    </ClCompile>
    <ClCompile Include="scene2d.cpp">
      <Filter>ソース ファイル\glpa</Filter>
    </ClCompile>
    <ClCompile Include="scene3d.cpp">
      <Filter>ソース ファイル\glpa</Filter>
    </ClCompile>
    <ClCompile Include="sound.cpp">
      <Filter>ソース ファイル\glpa</Filter>
    </ClCompile>
    <ClCompile Include="character.cpp">
      <Filter>ソース ファイル\glpa</Filter>
    </ClCompile>
    <ClCompile Include="image.cpp">
      <Filter>ソース ファイル\glpa</Filter>
    </ClCompile>
    <ClCompile Include="text.cpp">
      <Filter>ソース ファイル\glpa</Filter>
    </ClCompile>
    <ClCompile Include="color.cpp">
      <Filter>ソース ファイル\glpa</Filter>
    </ClCompile>
    <ClCompile Include="console.cpp">
      <Filter>ソース ファイル</Filter>
    </ClCompile>
    <ClCompile Include="command.cpp">
      <Filter>ソース ファイル</Filter>
    </ClCompile>
    <ClCompile Include="game.cpp">
      <Filter>ソース ファイル</Filter>
    </ClCompile>
  </ItemGroup>
  <ItemGroup>
    <ClInclude Include="z_buffer.h">
      <Filter>ヘッダー ファイル\glpa</Filter>
    </ClInclude>
    <ClInclude Include="ambient_occlusion.h">
      <Filter>ヘッダー ファイル\glpa</Filter>
    </ClInclude>
    <ClInclude Include="animation.h">
      <Filter>ヘッダー ファイル\glpa</Filter>
    </ClInclude>
    <ClInclude Include="base_color.h">
      <Filter>ヘッダー ファイル\glpa</Filter>
    </ClInclude>
    <ClInclude Include="buffer_3d.h">
      <Filter>ヘッダー ファイル\glpa</Filter>
    </ClInclude>
    <ClInclude Include="equation.cuh">
      <Filter>ヘッダー ファイル\glpa</Filter>
    </ClInclude>
    <ClInclude Include="fbx.h">
      <Filter>ヘッダー ファイル\glpa</Filter>
    </ClInclude>
    <ClInclude Include="field.h">
      <Filter>ヘッダー ファイル\glpa</Filter>
    </ClInclude>
    <ClInclude Include="hitbox.h">
      <Filter>ヘッダー ファイル\glpa</Filter>
    </ClInclude>
    <ClInclude Include="light.h">
      <Filter>ヘッダー ファイル\glpa</Filter>
    </ClInclude>
    <ClInclude Include="main.h">
      <Filter>ヘッダー ファイル\glpa</Filter>
    </ClInclude>
    <ClInclude Include="material.h">
      <Filter>ヘッダー ファイル\glpa</Filter>
    </ClInclude>
    <ClInclude Include="matrix.cuh">
      <Filter>ヘッダー ファイル\glpa</Filter>
    </ClInclude>
    <ClInclude Include="mesh.h">
      <Filter>ヘッダー ファイル\glpa</Filter>
    </ClInclude>
    <ClInclude Include="normal.h">
      <Filter>ヘッダー ファイル\glpa</Filter>
    </ClInclude>
    <ClInclude Include="object.h">
      <Filter>ヘッダー ファイル\glpa</Filter>
    </ClInclude>
    <ClInclude Include="png.h">
      <Filter>ヘッダー ファイル\glpa</Filter>
    </ClInclude>
    <ClInclude Include="roughness.h">
      <Filter>ヘッダー ファイル\glpa</Filter>
    </ClInclude>
    <ClInclude Include="scene.h">
      <Filter>ヘッダー ファイル\glpa</Filter>
    </ClInclude>
    <ClInclude Include="screen.h">
      <Filter>ヘッダー ファイル\glpa</Filter>
    </ClInclude>
    <ClInclude Include="shader.h">
      <Filter>ヘッダー ファイル\glpa</Filter>
    </ClInclude>
    <ClInclude Include="shadow.h">
      <Filter>ヘッダー ファイル\glpa</Filter>
    </ClInclude>
    <ClInclude Include="sky.h">
      <Filter>ヘッダー ファイル\glpa</Filter>
    </ClInclude>
    <ClInclude Include="transformation.h">
      <Filter>ヘッダー ファイル\glpa</Filter>
    </ClInclude>
    <ClInclude Include="triangle_ratio.cuh">
      <Filter>ヘッダー ファイル\glpa</Filter>
    </ClInclude>
    <ClInclude Include="user_input.h">
      <Filter>ヘッダー ファイル\glpa</Filter>
    </ClInclude>
    <ClInclude Include="vector.cuh">
      <Filter>ヘッダー ファイル\glpa</Filter>
    </ClInclude>
    <ClInclude Include="window.h">
      <Filter>ヘッダー ファイル\glpa</Filter>
    </ClInclude>
    <ClInclude Include="fps.h">
      <Filter>ヘッダー ファイル\glpa</Filter>
    </ClInclude>
    <ClInclude Include="glpa.h">
      <Filter>ヘッダー ファイル\glpa</Filter>
    </ClInclude>
    <ClInclude Include="movie.h">
      <Filter>ヘッダー ファイル\glpa</Filter>
    </ClInclude>
    <ClInclude Include="mp4.h">
      <Filter>ヘッダー ファイル\glpa</Filter>
    </ClInclude>
    <ClInclude Include="scene2d.h">
      <Filter>ヘッダー ファイル\glpa</Filter>
    </ClInclude>
    <ClInclude Include="scene3d.h">
      <Filter>ヘッダー ファイル\glpa</Filter>
    </ClInclude>
    <ClInclude Include="sound.h">
      <Filter>ヘッダー ファイル\glpa</Filter>
    </ClInclude>
    <ClInclude Include="character.h">
      <Filter>ヘッダー ファイル\glpa</Filter>
    </ClInclude>
    <ClInclude Include="stb_image.h">
      <Filter>ヘッダー ファイル\glpa</Filter>
    </ClInclude>
    <ClInclude Include="image.h">
      <Filter>ヘッダー ファイル\glpa</Filter>
    </ClInclude>
    <ClInclude Include="error.h">
      <Filter>ヘッダー ファイル\glpa</Filter>
    </ClInclude>
    <ClInclude Include="color.h">
      <Filter>ヘッダー ファイル\glpa</Filter>
    </ClInclude>
    <ClInclude Include="text.h">
      <Filter>ヘッダー ファイル\glpa</Filter>
    </ClInclude>
    <ClInclude Include="console.h">
      <Filter>ヘッダー ファイル</Filter>
    </ClInclude>
    <ClInclude Include="command.h">
      <Filter>ヘッダー ファイル</Filter>
    </ClInclude>
    <ClInclude Include="cg.h">
      <Filter>ヘッダー ファイル\glpa</Filter>
    </ClInclude>
    <ClInclude Include="game.h">
      <Filter>ヘッダー ファイル</Filter>
    </ClInclude>
  </ItemGroup>
  <ItemGroup>
    <CudaCompile Include="camera.cu">
      <Filter>ソース ファイル\glpa</Filter>
    </CudaCompile>
    <CudaCompile Include="camera.cuh">
      <Filter>ヘッダー ファイル\glpa</Filter>
    </CudaCompile>
    <CudaCompile Include="view_volume.cu">
      <Filter>ソース ファイル\glpa</Filter>
    </CudaCompile>
    <CudaCompile Include="view_volume.cuh">
      <Filter>ヘッダー ファイル\glpa</Filter>
    </CudaCompile>
  </ItemGroup>
  <ItemGroup>
    <Image Include="resource\scene\glpa_console\g1_%40l1\back_ground_%40x0_%40y0_%40l1.png">
      <Filter>リソース ファイル</Filter>
    </Image>
  </ItemGroup>
  <ItemGroup>
    <Object Include="resource\scene\game_1\cube1\temp_cube.obj" />
    <Object Include="resource\scene\game_1\cube2\temp_secondCube.obj" />
    <Object Include="resource\scene\game_1\cube3\temp_third_cube.obj" />
  </ItemGroup>
</Project>