<?xml version="1.0" encoding="utf-8"?>
<Project ToolsVersion="4.0" xmlns="http://schemas.microsoft.com/developer/msbuild/2003">
  <ItemGroup>
    <Filter Include="ソース ファイル">
      <UniqueIdentifier>{4FC737F1-C7A5-4376-A066-2A32D752A2FF}</UniqueIdentifier>
      <Extensions>cpp;c;cc;cxx;c++;cppm;ixx;def;odl;idl;hpj;bat;asm;asmx</Extensions>
    </Filter>
    <Filter Include="ヘッダー ファイル">
      <UniqueIdentifier>{93995380-89BD-4b04-88EB-625FBE52EBFB}</UniqueIdentifier>
      <Extensions>h;hh;hpp;hxx;h++;hm;inl;inc;ipp;xsd</Extensions>
    </Filter>
    <Filter Include="リソース ファイル">
      <UniqueIdentifier>{67DA6AB6-F800-4c08-8B7A-83BB121AAD01}</UniqueIdentifier>
      <Extensions>rc;ico;cur;bmp;dlg;rc2;rct;bin;rgs;gif;jpg;jpeg;jpe;resx;tiff;tif;png;wav;mfcribbon-ms</Extensions>
    </Filter>
    <Filter Include="ソース ファイル\Example">
      <UniqueIdentifier>{d226778b-7c62-4952-8fc4-799303e8c9cb}</UniqueIdentifier>
    </Filter>
    <Filter Include="ソース ファイル\Glpa">
      <UniqueIdentifier>{ecad95fc-7cf9-4668-8758-5a32206b4ac1}</UniqueIdentifier>
    </Filter>
    <Filter Include="ヘッダー ファイル\Glpa">
      <UniqueIdentifier>{cf1c65ed-3998-4766-95eb-d86618658b65}</UniqueIdentifier>
    </Filter>
    <Filter Include="ヘッダー ファイル\Example">
      <UniqueIdentifier>{f31962ac-8fe3-4be1-9fa9-0648f04ed495}</UniqueIdentifier>
    </Filter>
    <Filter Include="リソース ファイル\Assets">
      <UniqueIdentifier>{95af2b7e-24ed-4e94-b8f5-a672f9ac653c}</UniqueIdentifier>
    </Filter>
    <Filter Include="リソース ファイル\Scene">
      <UniqueIdentifier>{17a5a89c-9bbc-4441-9e72-a515bcd2b1f1}</UniqueIdentifier>
    </Filter>
    <Filter Include="リソース ファイル\Assets\Objs">
      <UniqueIdentifier>{aed9ecc8-3b67-4139-956b-3062c8ba6303}</UniqueIdentifier>
    </Filter>
    <Filter Include="リソース ファイル\Assets\Mtls">
      <UniqueIdentifier>{fda34a5a-707f-42c2-8c48-96585f6a39f6}</UniqueIdentifier>
    </Filter>
    <Filter Include="リソース ファイル\Assets\Images">
      <UniqueIdentifier>{7eb93fcd-2e3d-4a8b-9319-42544738f68d}</UniqueIdentifier>
    </Filter>
  </ItemGroup>
  <ItemGroup>
    <None Include="ClassDiagram.cd" />
    <None Include="resource\Assets\Mtls\temp_cube.mtl">
      <Filter>リソース ファイル\Assets\Mtls</Filter>
    </None>
    <None Include="resource\Assets\Mtls\temp_field.mtl">
      <Filter>リソース ファイル\Assets\Mtls</Filter>
    </None>
  </ItemGroup>
  <ItemGroup>
    <ClCompile Include="ExampleBase.cpp">
      <Filter>ソース ファイル\Example</Filter>
    </ClCompile>
    <ClCompile Include="ExampleEntry.cpp">
      <Filter>ソース ファイル\Example</Filter>
    </ClCompile>
    <ClCompile Include="ExampleScene2d.cpp">
      <Filter>ソース ファイル\Example</Filter>
    </ClCompile>
    <ClCompile Include="ExampleScene3d.cpp">
      <Filter>ソース ファイル\Example</Filter>
    </ClCompile>
    <ClCompile Include="src\Color.cpp">
      <Filter>ソース ファイル\Glpa</Filter>
    </ClCompile>
    <ClCompile Include="src\GlpaBase.cpp">
      <Filter>ソース ファイル\Glpa</Filter>
    </ClCompile>
    <ClCompile Include="src\GlpaLib.cpp">
      <Filter>ソース ファイル\Glpa</Filter>
    </ClCompile>
    <ClCompile Include="src\Image.cpp">
      <Filter>ソース ファイル\Glpa</Filter>
    </ClCompile>
    <ClCompile Include="src\Matrix.cpp">
      <Filter>ソース ファイル\Glpa</Filter>
    </ClCompile>
    <ClCompile Include="src\Png.cpp">
      <Filter>ソース ファイル\Glpa</Filter>
    </ClCompile>
    <ClCompile Include="src\Render.cpp">
      <Filter>ソース ファイル\Glpa</Filter>
    </ClCompile>
    <ClCompile Include="src\Scene.cpp">
      <Filter>ソース ファイル\Glpa</Filter>
    </ClCompile>
    <ClCompile Include="src\Scene2d.cpp">
      <Filter>ソース ファイル\Glpa</Filter>
    </ClCompile>
    <ClCompile Include="src\Scene3d.cpp">
      <Filter>ソース ファイル\Glpa</Filter>
    </ClCompile>
    <ClCompile Include="src\SceneObject.cpp">
      <Filter>ソース ファイル\Glpa</Filter>
    </ClCompile>
    <ClCompile Include="src\Sound.cpp">
      <Filter>ソース ファイル\Glpa</Filter>
    </ClCompile>
    <ClCompile Include="src\Text.cpp">
      <Filter>ソース ファイル\Glpa</Filter>
    </ClCompile>
    <ClCompile Include="src\Ui.cpp">
      <Filter>ソース ファイル\Glpa</Filter>
    </ClCompile>
    <ClCompile Include="src\Vector.cpp">
      <Filter>ソース ファイル\Glpa</Filter>
    </ClCompile>
    <ClCompile Include="src\Window.cpp">
      <Filter>ソース ファイル\Glpa</Filter>
    </ClCompile>
    <ClCompile Include="src\File.cpp">
      <Filter>ソース ファイル\Glpa</Filter>
    </ClCompile>
  </ItemGroup>
  <ItemGroup>
    <ClInclude Include="ExampleBase.h">
      <Filter>ヘッダー ファイル\Example</Filter>
    </ClInclude>
    <ClInclude Include="ExampleScene2d.h">
      <Filter>ヘッダー ファイル\Example</Filter>
    </ClInclude>
    <ClInclude Include="ExampleScene3d.h">
      <Filter>ヘッダー ファイル\Example</Filter>
    </ClInclude>
    <ClInclude Include="include\Color.h">
      <Filter>ヘッダー ファイル\Glpa</Filter>
    </ClInclude>
    <ClInclude Include="include\GlpaBase.h">
      <Filter>ヘッダー ファイル\Glpa</Filter>
    </ClInclude>
    <ClInclude Include="include\GlpaLib.h">
      <Filter>ヘッダー ファイル\Glpa</Filter>
    </ClInclude>
    <ClInclude Include="include\Image.h">
      <Filter>ヘッダー ファイル\Glpa</Filter>
    </ClInclude>
    <ClInclude Include="include\Constant.h">
      <Filter>ヘッダー ファイル\Glpa</Filter>
    </ClInclude>
    <ClInclude Include="include\Matrix.h">
      <Filter>ヘッダー ファイル\Glpa</Filter>
    </ClInclude>
    <ClInclude Include="include\Png.h">
      <Filter>ヘッダー ファイル\Glpa</Filter>
    </ClInclude>
    <ClInclude Include="include\Render.h">
      <Filter>ヘッダー ファイル\Glpa</Filter>
    </ClInclude>
    <ClInclude Include="include\Scene.h">
      <Filter>ヘッダー ファイル\Glpa</Filter>
    </ClInclude>
    <ClInclude Include="include\Scene2d.h">
      <Filter>ヘッダー ファイル\Glpa</Filter>
    </ClInclude>
    <ClInclude Include="include\Scene3d.h">
      <Filter>ヘッダー ファイル\Glpa</Filter>
    </ClInclude>
    <ClInclude Include="include\SceneObject.h">
      <Filter>ヘッダー ファイル\Glpa</Filter>
    </ClInclude>
    <ClInclude Include="include\Sound.h">
      <Filter>ヘッダー ファイル\Glpa</Filter>
    </ClInclude>
    <ClInclude Include="include\Text.h">
      <Filter>ヘッダー ファイル\Glpa</Filter>
    </ClInclude>
    <ClInclude Include="include\Ui.h">
      <Filter>ヘッダー ファイル\Glpa</Filter>
    </ClInclude>
    <ClInclude Include="include\Vector.h">
      <Filter>ヘッダー ファイル\Glpa</Filter>
    </ClInclude>
    <ClInclude Include="include\Window.h">
      <Filter>ヘッダー ファイル\Glpa</Filter>
    </ClInclude>
    <ClInclude Include="include\File.h">
      <Filter>ヘッダー ファイル\Glpa</Filter>
    </ClInclude>
  </ItemGroup>
  <ItemGroup>
    <Image Include="resource\Assets\Images\console_back_ground.png">
      <Filter>リソース ファイル\Assets\Images</Filter>
    </Image>
  </ItemGroup>
  <ItemGroup>
    <Resource Include="resource\Assets\Objs\temp_cube.obj">
      <Filter>リソース ファイル\Assets\Objs</Filter>
    </Resource>
    <Resource Include="resource\Assets\Objs\temp_field.obj">
      <Filter>リソース ファイル\Assets\Objs</Filter>
    </Resource>
  </ItemGroup>
</Project>