<?xml version="1.0" encoding="utf-8"?>
<Project ToolsVersion="4.0" xmlns="http://schemas.microsoft.com/developer/msbuild/2003">
  <ItemGroup>
    <Filter Include="ソース ファイル">
      <UniqueIdentifier>{4FC737F1-C7A5-4376-A066-2A32D752A2FF}</UniqueIdentifier>
      <Extensions>cpp;c;cc;cxx;c++;cppm;ixx;def;odl;idl;hpj;bat;asm;asmx</Extensions>
    </Filter>
    <Filter Include="ヘッダー ファイル">
      <UniqueIdentifier>{93995380-89BD-4b04-88EB-625FBE52EBFB}</UniqueIdentifier>
      <Extensions>h;hh;hpp;hxx;h++;hm;inl;inc;ipp;xsd</Extensions>
    </Filter>
    <Filter Include="リソース ファイル">
      <UniqueIdentifier>{67DA6AB6-F800-4c08-8B7A-83BB121AAD01}</UniqueIdentifier>
      <Extensions>rc;ico;cur;bmp;dlg;rc2;rct;bin;rgs;gif;jpg;jpeg;jpe;resx;tiff;tif;png;wav;mfcribbon-ms</Extensions>
    </Filter>
    <Filter Include="リソース ファイル\obj">
      <UniqueIdentifier>{0736bded-8cd1-46c0-a802-13cf7a6d0ee9}</UniqueIdentifier>
    </Filter>
    <Filter Include="リソース ファイル\mtl">
      <UniqueIdentifier>{07aa6d8d-8103-4ceb-94ba-6aed27fbdb09}</UniqueIdentifier>
    </Filter>
    <Filter Include="リソース ファイル\bmp">
      <UniqueIdentifier>{64759888-1138-4685-bbdc-a6c15f568ca5}</UniqueIdentifier>
    </Filter>
    <Filter Include="リソース ファイル\scene">
      <UniqueIdentifier>{0b01cc7d-f482-44d1-8cb6-fbad2b2d3a54}</UniqueIdentifier>
    </Filter>
    <Filter Include="リソース ファイル\scene\game_1">
      <UniqueIdentifier>{de6c66f9-d0c7-47c9-9ee6-ae3a9bc68bc0}</UniqueIdentifier>
    </Filter>
    <Filter Include="リソース ファイル\scene\game_1\obj">
      <UniqueIdentifier>{853b33a9-8b61-4679-b732-34208a49f1bf}</UniqueIdentifier>
    </Filter>
    <Filter Include="リソース ファイル\scene\game_1\mtl">
      <UniqueIdentifier>{02a87367-dab7-473b-a3e0-35c96724c2c6}</UniqueIdentifier>
    </Filter>
    <Filter Include="ソース ファイル\Example">
      <UniqueIdentifier>{d226778b-7c62-4952-8fc4-799303e8c9cb}</UniqueIdentifier>
    </Filter>
    <Filter Include="ソース ファイル\Glpa">
      <UniqueIdentifier>{ecad95fc-7cf9-4668-8758-5a32206b4ac1}</UniqueIdentifier>
    </Filter>
    <Filter Include="ヘッダー ファイル\Glpa">
      <UniqueIdentifier>{cf1c65ed-3998-4766-95eb-d86618658b65}</UniqueIdentifier>
    </Filter>
    <Filter Include="ヘッダー ファイル\Example">
      <UniqueIdentifier>{f31962ac-8fe3-4be1-9fa9-0648f04ed495}</UniqueIdentifier>
    </Filter>
  </ItemGroup>
  <ItemGroup>
    <Image Include="resource\scene\glpa_console\g1_%40l1\back_ground_%40x0_%40y0_%40l1.png">
      <Filter>リソース ファイル</Filter>
    </Image>
  </ItemGroup>
  <ItemGroup>
    <None Include="resource\scene\game_1\mtl\temp_cube.mtl">
      <Filter>リソース ファイル\scene\game_1\mtl</Filter>
    </None>
    <None Include="resource\scene\game_1\obj\temp_cube.obj">
      <Filter>リソース ファイル\scene\game_1\obj</Filter>
    </None>
    <None Include="resource\scene\game_1\mtl\temp_field.mtl">
      <Filter>リソース ファイル\scene\game_1\mtl</Filter>
    </None>
    <None Include="resource\scene\game_1\obj\temp_field.obj">
      <Filter>リソース ファイル\scene\game_1\obj</Filter>
    </None>
    <None Include="ClassDiagram.cd" />
  </ItemGroup>
  <ItemGroup>
    <ClCompile Include="src\GlpaBase.cpp">
      <Filter>ソース ファイル\Glpa</Filter>
    </ClCompile>
    <ClCompile Include="src\GlpaLib.cpp">
      <Filter>ソース ファイル\Glpa</Filter>
    </ClCompile>
    <ClCompile Include="src\Scene.cpp">
      <Filter>ソース ファイル\Glpa</Filter>
    </ClCompile>
    <ClCompile Include="src\Scene2d.cpp">
      <Filter>ソース ファイル\Glpa</Filter>
    </ClCompile>
    <ClCompile Include="src\Scene3d.cpp">
      <Filter>ソース ファイル\Glpa</Filter>
    </ClCompile>
    <ClCompile Include="src\Window.cpp">
      <Filter>ソース ファイル\Glpa</Filter>
    </ClCompile>
    <ClCompile Include="example\ExampleBase.cpp">
      <Filter>ソース ファイル\Example</Filter>
    </ClCompile>
    <ClCompile Include="example\ExampleEntry.cpp">
      <Filter>ソース ファイル\Example</Filter>
    </ClCompile>
    <ClCompile Include="example\ExampleScene2d.cpp">
      <Filter>ソース ファイル\Example</Filter>
    </ClCompile>
    <ClCompile Include="example\ExampleScene3d.cpp">
      <Filter>ソース ファイル\Example</Filter>
    </ClCompile>
  </ItemGroup>
  <ItemGroup>
    <ClInclude Include="include\GlpaBase.h">
      <Filter>ヘッダー ファイル\Glpa</Filter>
    </ClInclude>
    <ClInclude Include="include\GlpaLib.h">
      <Filter>ヘッダー ファイル\Glpa</Filter>
    </ClInclude>
    <ClInclude Include="include\Macro.h">
      <Filter>ヘッダー ファイル\Glpa</Filter>
    </ClInclude>
    <ClInclude Include="include\Scene.h">
      <Filter>ヘッダー ファイル\Glpa</Filter>
    </ClInclude>
    <ClInclude Include="include\Scene2d.h">
      <Filter>ヘッダー ファイル\Glpa</Filter>
    </ClInclude>
    <ClInclude Include="include\Scene3d.h">
      <Filter>ヘッダー ファイル\Glpa</Filter>
    </ClInclude>
    <ClInclude Include="include\Window.h">
      <Filter>ヘッダー ファイル\Glpa</Filter>
    </ClInclude>
    <ClInclude Include="example\ExampleBase.h">
      <Filter>ヘッダー ファイル\Example</Filter>
    </ClInclude>
    <ClInclude Include="example\ExampleScene2d.h">
      <Filter>ヘッダー ファイル\Example</Filter>
    </ClInclude>
    <ClInclude Include="example\ExampleScene3d.h">
      <Filter>ヘッダー ファイル\Example</Filter>
    </ClInclude>
  </ItemGroup>
</Project>