<?xml version="1.0" encoding="utf-8"?>
<Project ToolsVersion="4.0" xmlns="http://schemas.microsoft.com/developer/msbuild/2003">
  <ItemGroup>
    <Filter Include="ソース ファイル">
      <UniqueIdentifier>{4FC737F1-C7A5-4376-A066-2A32D752A2FF}</UniqueIdentifier>
      <Extensions>cpp;c;cc;cxx;c++;cppm;ixx;def;odl;idl;hpj;bat;asm;asmx</Extensions>
    </Filter>
    <Filter Include="ヘッダー ファイル">
      <UniqueIdentifier>{93995380-89BD-4b04-88EB-625FBE52EBFB}</UniqueIdentifier>
      <Extensions>h;hh;hpp;hxx;h++;hm;inl;inc;ipp;xsd</Extensions>
    </Filter>
    <Filter Include="リソース ファイル">
      <UniqueIdentifier>{67DA6AB6-F800-4c08-8B7A-83BB121AAD01}</UniqueIdentifier>
      <Extensions>rc;ico;cur;bmp;dlg;rc2;rct;bin;rgs;gif;jpg;jpeg;jpe;resx;tiff;tif;png;wav;mfcribbon-ms</Extensions>
    </Filter>
    <Filter Include="ソース ファイル\Example">
      <UniqueIdentifier>{d9998d72-a5a4-451c-a1c8-967808e0c5e6}</UniqueIdentifier>
    </Filter>
    <Filter Include="ソース ファイル\GlpaLib">
      <UniqueIdentifier>{dc081803-ded3-4d69-8507-a492c4156097}</UniqueIdentifier>
    </Filter>
    <Filter Include="ヘッダー ファイル\Example">
      <UniqueIdentifier>{13c73d5b-9697-4648-8632-a963f4927c96}</UniqueIdentifier>
    </Filter>
    <Filter Include="ヘッダー ファイル\GlpaLib">
      <UniqueIdentifier>{33dc862a-3b35-4313-80b4-36b5a0743555}</UniqueIdentifier>
    </Filter>
    <Filter Include="リソース ファイル\Assetes">
      <UniqueIdentifier>{ca6d98c4-978b-4dfb-a873-f7d885f11688}</UniqueIdentifier>
    </Filter>
    <Filter Include="リソース ファイル\Assetes\Images">
      <UniqueIdentifier>{31dc99b9-6db4-466d-84b9-a8b2c02ff4f3}</UniqueIdentifier>
    </Filter>
    <Filter Include="リソース ファイル\Assetes\Mtls">
      <UniqueIdentifier>{32ab1bfe-672d-4a31-b782-d4a3c02e1be1}</UniqueIdentifier>
    </Filter>
    <Filter Include="リソース ファイル\Assetes\Objs">
      <UniqueIdentifier>{718b7f18-1713-42c6-bcd2-7f42db1be686}</UniqueIdentifier>
    </Filter>
  </ItemGroup>
  <ItemGroup>
    <ClCompile Include="demo.cpp">
      <Filter>ソース ファイル</Filter>
    </ClCompile>
    <ClCompile Include="ExampleBase.cpp">
      <Filter>ソース ファイル\Example</Filter>
    </ClCompile>
    <ClCompile Include="ExampleEntry.cpp">
      <Filter>ソース ファイル\Example</Filter>
    </ClCompile>
    <ClCompile Include="ExampleScene2d.cpp">
      <Filter>ソース ファイル\Example</Filter>
    </ClCompile>
    <ClCompile Include="ExampleScene3d.cpp">
      <Filter>ソース ファイル\Example</Filter>
    </ClCompile>
    <ClCompile Include="src\Color.cpp">
      <Filter>ソース ファイル\GlpaLib</Filter>
    </ClCompile>
    <ClCompile Include="src\GlpaBase.cpp">
      <Filter>ソース ファイル\GlpaLib</Filter>
    </ClCompile>
    <ClCompile Include="src\GlpaLib.cpp">
      <Filter>ソース ファイル\GlpaLib</Filter>
    </ClCompile>
    <ClCompile Include="src\Image.cpp">
      <Filter>ソース ファイル\GlpaLib</Filter>
    </ClCompile>
    <ClCompile Include="src\Matrix.cpp">
      <Filter>ソース ファイル\GlpaLib</Filter>
    </ClCompile>
    <ClCompile Include="src\Scene.cpp">
      <Filter>ソース ファイル\GlpaLib</Filter>
    </ClCompile>
    <ClCompile Include="src\Scene2d.cpp">
      <Filter>ソース ファイル\GlpaLib</Filter>
    </ClCompile>
    <ClCompile Include="src\Scene3d.cpp">
      <Filter>ソース ファイル\GlpaLib</Filter>
    </ClCompile>
    <ClCompile Include="src\SceneObject.cpp">
      <Filter>ソース ファイル\GlpaLib</Filter>
    </ClCompile>
    <ClCompile Include="src\Sound.cpp">
      <Filter>ソース ファイル\GlpaLib</Filter>
    </ClCompile>
    <ClCompile Include="src\Text.cpp">
      <Filter>ソース ファイル\GlpaLib</Filter>
    </ClCompile>
    <ClCompile Include="src\Ui.cpp">
      <Filter>ソース ファイル\GlpaLib</Filter>
    </ClCompile>
    <ClCompile Include="src\Vector.cpp">
      <Filter>ソース ファイル\GlpaLib</Filter>
    </ClCompile>
    <ClCompile Include="src\Window.cpp">
      <Filter>ソース ファイル\GlpaLib</Filter>
    </ClCompile>
    <ClCompile Include="src\FileDataManager.cpp">
      <Filter>ソース ファイル\GlpaLib</Filter>
    </ClCompile>
  </ItemGroup>
  <ItemGroup>
    <ClInclude Include="ExampleBase.h">
      <Filter>ヘッダー ファイル\Example</Filter>
    </ClInclude>
    <ClInclude Include="ExampleScene2d.h">
      <Filter>ヘッダー ファイル\Example</Filter>
    </ClInclude>
    <ClInclude Include="ExampleScene3d.h">
      <Filter>ヘッダー ファイル\Example</Filter>
    </ClInclude>
    <ClInclude Include="include\Color.h">
      <Filter>ヘッダー ファイル\GlpaLib</Filter>
    </ClInclude>
    <ClInclude Include="include\Constant.h">
      <Filter>ヘッダー ファイル\GlpaLib</Filter>
    </ClInclude>
    <ClInclude Include="include\GlpaBase.h">
      <Filter>ヘッダー ファイル\GlpaLib</Filter>
    </ClInclude>
    <ClInclude Include="include\GlpaLib.h">
      <Filter>ヘッダー ファイル\GlpaLib</Filter>
    </ClInclude>
    <ClInclude Include="include\Image.h">
      <Filter>ヘッダー ファイル\GlpaLib</Filter>
    </ClInclude>
    <ClInclude Include="include\Matrix.h">
      <Filter>ヘッダー ファイル\GlpaLib</Filter>
    </ClInclude>
    <ClInclude Include="include\Scene.h">
      <Filter>ヘッダー ファイル\GlpaLib</Filter>
    </ClInclude>
    <ClInclude Include="include\Scene2d.h">
      <Filter>ヘッダー ファイル\GlpaLib</Filter>
    </ClInclude>
    <ClInclude Include="include\Scene3d.h">
      <Filter>ヘッダー ファイル\GlpaLib</Filter>
    </ClInclude>
    <ClInclude Include="include\SceneObject.h">
      <Filter>ヘッダー ファイル\GlpaLib</Filter>
    </ClInclude>
    <ClInclude Include="include\Sound.h">
      <Filter>ヘッダー ファイル\GlpaLib</Filter>
    </ClInclude>
    <ClInclude Include="include\stb_image.h">
      <Filter>ヘッダー ファイル\GlpaLib</Filter>
    </ClInclude>
    <ClInclude Include="include\Text.h">
      <Filter>ヘッダー ファイル\GlpaLib</Filter>
    </ClInclude>
    <ClInclude Include="include\Ui.h">
      <Filter>ヘッダー ファイル\GlpaLib</Filter>
    </ClInclude>
    <ClInclude Include="include\Vector.h">
      <Filter>ヘッダー ファイル\GlpaLib</Filter>
    </ClInclude>
    <ClInclude Include="include\Window.h">
      <Filter>ヘッダー ファイル\GlpaLib</Filter>
    </ClInclude>
    <ClInclude Include="include\FileDataManager.h">
      <Filter>ヘッダー ファイル\GlpaLib</Filter>
    </ClInclude>
  </ItemGroup>
  <ItemGroup>
    <None Include="ClassDiagram.cd">
      <Filter>リソース ファイル</Filter>
    </None>
    <None Include="resource\Assets\Mtls\temp_cube.mtl">
      <Filter>リソース ファイル\Assetes\Mtls</Filter>
    </None>
    <None Include="resource\Assets\Mtls\temp_field.mtl">
      <Filter>リソース ファイル\Assetes\Mtls</Filter>
    </None>
  </ItemGroup>
  <ItemGroup>
    <CudaCompile Include="src\Render.cu">
      <Filter>ソース ファイル\GlpaLib</Filter>
    </CudaCompile>
    <CudaCompile Include="include\Render.cuh">
      <Filter>ヘッダー ファイル\GlpaLib</Filter>
    </CudaCompile>
  </ItemGroup>
  <ItemGroup>
    <Image Include="resource\Assets\Images\console_back_ground.png">
      <Filter>リソース ファイル\Assetes\Images</Filter>
    </Image>
  </ItemGroup>
  <ItemGroup>
    <Resource Include="resource\Assets\Objs\temp_cube.obj">
      <Filter>リソース ファイル\Assetes\Objs</Filter>
    </Resource>
    <Resource Include="resource\Assets\Objs\temp_field.obj">
      <Filter>リソース ファイル\Assetes\Objs</Filter>
    </Resource>
  </ItemGroup>
</Project>